
Microsoft Visual Studio Solution File, Format Version 12.00
# Visual Studio Version 17
VisualStudioVersion = 17.1.32328.378
MinimumVisualStudioVersion = 10.0.40219.1
Project("{9A19103F-16F7-4668-BE54-9A1E7A4F7556}") = "WebApi", "WebApi\WebApi.csproj", "{AE70823E-D2E2-41C3-A23E-FE7C29C29DB9}"
EndProject
Project("{9A19103F-16F7-4668-BE54-9A1E7A4F7556}") = "BusinessLayer", "BusinessLayer\BusinessLayer.csproj", "{43EDE02C-CE78-49CA-83D4-96CCE39D055B}"
EndProject
Project("{9A19103F-16F7-4668-BE54-9A1E7A4F7556}") = "DataLayer", "DataLayer\DataLayer.csproj", "{10424878-1E34-4586-89DF-7BFEC84D7592}"
EndProject
Project("{2150E333-8FDC-42A3-9474-1A3956D46DE8}") = "Documentation", "Documentation", "{FFC2D18C-D7E6-4956-9BBC-7F951B3753E0}"
	ProjectSection(SolutionItems) = preProject
		Documentation\docfx.json = Documentation\docfx.json
		README.md = README.md
		Documentation\toc.yml = Documentation\toc.yml
	EndProjectSection
EndProject
Global
	GlobalSection(SolutionConfigurationPlatforms) = preSolution
		Debug|Any CPU = Debug|Any CPU
		Release|Any CPU = Release|Any CPU
	EndGlobalSection
	GlobalSection(ProjectConfigurationPlatforms) = postSolution
		{AE70823E-D2E2-41C3-A23E-FE7C29C29DB9}.Debug|Any CPU.ActiveCfg = Debug|Any CPU
		{AE70823E-D2E2-41C3-A23E-FE7C29C29DB9}.Debug|Any CPU.Build.0 = Debug|Any CPU
		{AE70823E-D2E2-41C3-A23E-FE7C29C29DB9}.Release|Any CPU.ActiveCfg = Release|Any CPU
		{AE70823E-D2E2-41C3-A23E-FE7C29C29DB9}.Release|Any CPU.Build.0 = Release|Any CPU
		{43EDE02C-CE78-49CA-83D4-96CCE39D055B}.Debug|Any CPU.ActiveCfg = Debug|Any CPU
		{43EDE02C-CE78-49CA-83D4-96CCE39D055B}.Debug|Any CPU.Build.0 = Debug|Any CPU
		{43EDE02C-CE78-49CA-83D4-96CCE39D055B}.Release|Any CPU.ActiveCfg = Release|Any CPU
		{43EDE02C-CE78-49CA-83D4-96CCE39D055B}.Release|Any CPU.Build.0 = Release|Any CPU
		{10424878-1E34-4586-89DF-7BFEC84D7592}.Debug|Any CPU.ActiveCfg = Debug|Any CPU
		{10424878-1E34-4586-89DF-7BFEC84D7592}.Debug|Any CPU.Build.0 = Debug|Any CPU
		{10424878-1E34-4586-89DF-7BFEC84D7592}.Release|Any CPU.ActiveCfg = Release|Any CPU
		{10424878-1E34-4586-89DF-7BFEC84D7592}.Release|Any CPU.Build.0 = Release|Any CPU
	EndGlobalSection
	GlobalSection(SolutionProperties) = preSolution
		HideSolutionNode = FALSE
	EndGlobalSection
	GlobalSection(ExtensibilityGlobals) = postSolution
		SolutionGuid = {C18D1A10-1203-44C0-9274-393D82CA5628}
	EndGlobalSection
EndGlobal
